{
  "name": "@ciellllllllll/setup",
  "version": "0.1.0",
  "lockfileVersion": 3,
  "requires": true,
  "packages": {
    "": {
      "name": "@ciellllllllll/setup",
      "version": "0.1.0",
      "bin": {
        "setup": "bin/setup.js"
      },
      "engines": {
        "node": ">=18"
      }
    }
  }
}
